
Microsoft Visual Studio Solution File, Format Version 12.00
# Visual Studio Version 17
VisualStudioVersion = 17.14.37328.6 d17.14
MinimumVisualStudioVersion = 10.0.40219.1
Project("{2150E333-8FDC-42A3-9474-1A3956D46DE8}") = "Core", "Core", "{02EA681E-C7D8-13C7-8484-4AC65E1B71E8}"
EndProject
Project("{2150E333-8FDC-42A3-9474-1A3956D46DE8}") = "Presentation", "Presentation", "{3FAA48BA-0EDD-41EC-BD96-51EA66924295}"
EndProject
Project("{2150E333-8FDC-42A3-9474-1A3956D46DE8}") = "Infrastructure", "Infrastructure", "{3435B31F-D812-4802-9C3F-8218F711407D}"
EndProject
Project("{FAE04EC0-301F-11D3-BF4B-00C04F79EFBC}") = "TTERP.Domain", "TTERP.Domain\TTERP.Domain.csproj", "{82E59C0F-8719-40C1-9AE9-3D82012717FA}"
EndProject
Project("{FAE04EC0-301F-11D3-BF4B-00C04F79EFBC}") = "TTERP.Application", "TTERP.Application\TTERP.Application.csproj", "{6CC30924-9D52-4172-8073-C8BE3AF0295C}"
EndProject
Project("{FAE04EC0-301F-11D3-BF4B-00C04F79EFBC}") = "TTERP.WebApi", "TTERP.WebApi\TTERP.WebApi.csproj", "{CF90B598-6937-4340-A375-38551F6F7EFE}"
EndProject
Project("{FAE04EC0-301F-11D3-BF4B-00C04F79EFBC}") = "TTERP.Infrastructure", "TTERP.Infrastructure\TTERP.Infrastructure.csproj", "{B45A2665-4DF2-4AE8-A098-7BCDF86171A5}"
EndProject
Project("{FAE04EC0-301F-11D3-BF4B-00C04F79EFBC}") = "TTERP.Persistence", "TTERP.Persistence\TTERP.Persistence.csproj", "{D552958D-2CF9-4FF3-8DA3-731B3077E581}"
EndProject
Global
	GlobalSection(SolutionConfigurationPlatforms) = preSolution
		Debug|Any CPU = Debug|Any CPU
		Release|Any CPU = Release|Any CPU
	EndGlobalSection
	GlobalSection(ProjectConfigurationPlatforms) = postSolution
		{82E59C0F-8719-40C1-9AE9-3D82012717FA}.Debug|Any CPU.ActiveCfg = Debug|Any CPU
		{82E59C0F-8719-40C1-9AE9-3D82012717FA}.Debug|Any CPU.Build.0 = Debug|Any CPU
		{82E59C0F-8719-40C1-9AE9-3D82012717FA}.Release|Any CPU.ActiveCfg = Release|Any CPU
		{82E59C0F-8719-40C1-9AE9-3D82012717FA}.Release|Any CPU.Build.0 = Release|Any CPU
		{6CC30924-9D52-4172-8073-C8BE3AF0295C}.Debug|Any CPU.ActiveCfg = Debug|Any CPU
		{6CC30924-9D52-4172-8073-C8BE3AF0295C}.Debug|Any CPU.Build.0 = Debug|Any CPU
		{6CC30924-9D52-4172-8073-C8BE3AF0295C}.Release|Any CPU.ActiveCfg = Release|Any CPU
		{6CC30924-9D52-4172-8073-C8BE3AF0295C}.Release|Any CPU.Build.0 = Release|Any CPU
		{CF90B598-6937-4340-A375-38551F6F7EFE}.Debug|Any CPU.ActiveCfg = Debug|Any CPU
		{CF90B598-6937-4340-A375-38551F6F7EFE}.Debug|Any CPU.Build.0 = Debug|Any CPU
		{CF90B598-6937-4340-A375-38551F6F7EFE}.Release|Any CPU.ActiveCfg = Release|Any CPU
		{CF90B598-6937-4340-A375-38551F6F7EFE}.Release|Any CPU.Build.0 = Release|Any CPU
		{B45A2665-4DF2-4AE8-A098-7BCDF86171A5}.Debug|Any CPU.ActiveCfg = Debug|Any CPU
		{B45A2665-4DF2-4AE8-A098-7BCDF86171A5}.Debug|Any CPU.Build.0 = Debug|Any CPU
		{B45A2665-4DF2-4AE8-A098-7BCDF86171A5}.Release|Any CPU.ActiveCfg = Release|Any CPU
		{B45A2665-4DF2-4AE8-A098-7BCDF86171A5}.Release|Any CPU.Build.0 = Release|Any CPU
		{D552958D-2CF9-4FF3-8DA3-731B3077E581}.Debug|Any CPU.ActiveCfg = Debug|Any CPU
		{D552958D-2CF9-4FF3-8DA3-731B3077E581}.Debug|Any CPU.Build.0 = Debug|Any CPU
		{D552958D-2CF9-4FF3-8DA3-731B3077E581}.Release|Any CPU.ActiveCfg = Release|Any CPU
		{D552958D-2CF9-4FF3-8DA3-731B3077E581}.Release|Any CPU.Build.0 = Release|Any CPU
	EndGlobalSection
	GlobalSection(SolutionProperties) = preSolution
		HideSolutionNode = FALSE
	EndGlobalSection
	GlobalSection(NestedProjects) = preSolution
		{82E59C0F-8719-40C1-9AE9-3D82012717FA} = {02EA681E-C7D8-13C7-8484-4AC65E1B71E8}
		{6CC30924-9D52-4172-8073-C8BE3AF0295C} = {02EA681E-C7D8-13C7-8484-4AC65E1B71E8}
		{CF90B598-6937-4340-A375-38551F6F7EFE} = {3FAA48BA-0EDD-41EC-BD96-51EA66924295}
		{B45A2665-4DF2-4AE8-A098-7BCDF86171A5} = {3435B31F-D812-4802-9C3F-8218F711407D}
		{D552958D-2CF9-4FF3-8DA3-731B3077E581} = {3435B31F-D812-4802-9C3F-8218F711407D}
	EndGlobalSection
	GlobalSection(ExtensibilityGlobals) = postSolution
		SolutionGuid = {E854D5D1-1F17-4FED-AC8D-931C62CBB0FB}
	EndGlobalSection
EndGlobal
